Microsoft Visual Studio Solution File, Format Version 12.00
# Visual Studio Version 17
VisualStudioVersion = 17.4.33122.133
MinimumVisualStudioVersion = 10.0.40219.1
Project("{9A19103F-16F7-4668-BE54-9A1E7A4F7556}") = "HY.Devices.PLC", "PLC\HY.Devices.PLC\HY.Devices.PLC.csproj", "{BE81E7EC-B2DD-4BAA-9AD9-717ED077FE54}"
EndProject
Project("{2150E333-8FDC-42A3-9474-1A3956D46DE8}") = "1.PLC", "1.PLC", "{36156E8B-32B8-45FC-938A-336DB3E937B8}"
EndProject
Project("{9A19103F-16F7-4668-BE54-9A1E7A4F7556}") = "HY.Devices.PLCDemo", "PLC\HY.Devices.PLCDemo\HY.Devices.PLCDemo.csproj", "{BA837A4D-7574-43ED-AFFF-FB1806F71941}"
EndProject
Project("{2150E333-8FDC-42A3-9474-1A3956D46DE8}") = "2.Scanner", "2.Scanner", "{66D106CC-2EED-4FA7-AC06-44E8529F6459}"
EndProject
Project("{9A19103F-16F7-4668-BE54-9A1E7A4F7556}") = "HY.Devices.Scanner", "Scanner\HY.Devices.Scanner\HY.Devices.Scanner.csproj", "{84BB9D2D-5ADD-4C33-A8C7-AFEBD1975C31}"
EndProject
Project("{9A19103F-16F7-4668-BE54-9A1E7A4F7556}") = "HY.Devices.ScannerDemo", "Scanner\HY.Devices.ScannerDemo\HY.Devices.ScannerDemo.csproj", "{A779DCE6-8FBA-4C4A-8A5A-49847F0737A3}"
EndProject
Project("{2150E333-8FDC-42A3-9474-1A3956D46DE8}") = "3.Printer", "3.Printer", "{795091E1-8E2E-4070-B138-8EB40A6521CB}"
EndProject
Project("{2150E333-8FDC-42A3-9474-1A3956D46DE8}") = "4.Robot", "4.Robot", "{2CF77685-427A-4F1F-8A51-5D18B06B3C87}"
EndProject
Project("{2150E333-8FDC-42A3-9474-1A3956D46DE8}") = "5.Camera", "5.Camera", "{F81EE6F0-8DE2-44D9-809E-EF076547C8F6}"
EndProject
Project("{9A19103F-16F7-4668-BE54-9A1E7A4F7556}") = "HY.Devices.Printer", "Printer\HY.Devices.Printer\HY.Devices.Printer.csproj", "{3EF9EA80-4CCD-4C17-8C43-1F4D5618282A}"
EndProject
Project("{9A19103F-16F7-4668-BE54-9A1E7A4F7556}") = "HY.Devices.PrinterDemo", "Printer\HY.Devices.PrinterDemo\HY.Devices.PrinterDemo.csproj", "{DA53ADB5-1322-43F2-8E98-3D012514544D}"
EndProject
Project("{9A19103F-16F7-4668-BE54-9A1E7A4F7556}") = "HY.Devices.Camera", "Camera\HY.Devices.Camera\HY.Devices.Camera.csproj", "{55433C38-6358-4331-9389-8B1A62B421A2}"
EndProject
Project("{9A19103F-16F7-4668-BE54-9A1E7A4F7556}") = "HY.Devices.Robot", "Robot\HY.Devices.Robot\HY.Devices.Robot.csproj", "{547BD880-EEEA-41C0-9EC8-C8245253DA95}"
EndProject
Project("{9A19103F-16F7-4668-BE54-9A1E7A4F7556}") = "HY.Devices.RobotDemo", "Robot\HY.Devices.RobotDemo\HY.Devices.RobotDemo.csproj", "{D3BA83DB-63F8-4452-BF77-99EEA9BC6323}"
EndProject
Project("{9A19103F-16F7-4668-BE54-9A1E7A4F7556}") = "HY.Devices.CameraDemo", "Camera\HY.Devices.CameraDemo\HY.Devices.CameraDemo.csproj", "{3E25617F-0B49-4250-88BE-14E84D67E193}"
EndProject
Project("{2150E333-8FDC-42A3-9474-1A3956D46DE8}") = "6.Algorithm", "6.Algorithm", "{9D43AF0F-7AC5-4751-809E-18D6A169FE8F}"
EndProject
Project("{9A19103F-16F7-4668-BE54-9A1E7A4F7556}") = "HY.Devices.Algorithm", "Algorithm\HY.Devices.Algorithm\HY.Devices.Algorithm.csproj", "{779A4272-0524-4C89-B13A-EF498A48B3DC}"
EndProject
Project("{9A19103F-16F7-4668-BE54-9A1E7A4F7556}") = "HY.Devices.AlgorithmDemo", "Algorithm\HY.Devices.AlgorithmDemo\HY.Devices.AlgorithmDemo.csproj", "{F030A514-FDA1-4A74-88E0-75D11C3F4A2B}"
EndProject
Project("{9A19103F-16F7-4668-BE54-9A1E7A4F7556}") = "HY.Devices.Algorithm.Haier_JiaoNan", "Algorithm\HY.Devices.Algorithm.Haier_JiaoNan\HY.Devices.Algorithm.Haier_JiaoNan.csproj", "{C2576FB1-68B4-4BE6-8593-4DB71BE7CF30}"
EndProject
Project("{9A19103F-16F7-4668-BE54-9A1E7A4F7556}") = "HY.Devices.Algorithm.Haier_TeBing", "Algorithm\HY.Devices.Algorithm.Haier_TeBing\HY.Devices.Algorithm.Haier_TeBing.csproj", "{18F629EC-CF40-46E2-AECC-2C3F3D66D025}"
EndProject
Project("{9A19103F-16F7-4668-BE54-9A1E7A4F7556}") = "HY.Devices.Algorithm.TCL_HeFei", "Algorithm\HY.Devices.Algorithm.TCL_HeFei\HY.Devices.Algorithm.TCL_HeFei.csproj", "{8BC1413F-66D8-409B-995E-0C4B92B03199}"
EndProject
Project("{9A19103F-16F7-4668-BE54-9A1E7A4F7556}") = "HY.Devices.Algorithm.Basic", "Algorithm\HY.Devices.Algorithm.Basic\HY.Devices.Algorithm.Basic.csproj", "{0F8AB5AD-B3F1-4555-8873-3B1AE1206AF2}"
EndProject
Project("{9A19103F-16F7-4668-BE54-9A1E7A4F7556}") = "HY.Devices.Algorithm.ZbomHome", "Algorithm\HY.Devices.Algorithm.ZbomHome\HY.Devices.Algorithm.ZbomHome.csproj", "{8A59F94B-45CA-41CF-AB38-02DE3F6AC7A4}"
EndProject
Project("{9A19103F-16F7-4668-BE54-9A1E7A4F7556}") = "HY.Devices.Algorithm.Haier_ZhongDe", "Algorithm\HY.Devices.Algorithm.Haier_ZhongDe\HY.Devices.Algorithm.Haier_ZhongDe.csproj", "{F950A1F7-46A4-46AF-B159-B271F3EA4004}"
EndProject
Project("{9A19103F-16F7-4668-BE54-9A1E7A4F7556}") = "HY.Devices.Algorithm.TCL_ZhongShan", "Algorithm\HY.Devices.Algorithm.TCL_ZhongShan\HY.Devices.Algorithm.TCL_ZhongShan.csproj", "{89407251-9627-4E66-A837-3B8479B1299A}"
EndProject
Project("{9A19103F-16F7-4668-BE54-9A1E7A4F7556}") = "HY.Devices.Algorithm.HiEdgeMind", "Algorithm\HY.Devices.Algorithm.HiEdgeMind\HY.Devices.Algorithm.HiEdgeMind.csproj", "{C1C5A5AB-D1E0-4A70-BE2F-445CD4BF7FC2}"
EndProject
Project("{9A19103F-16F7-4668-BE54-9A1E7A4F7556}") = "HY.Devices.Algorithm.YanFeng", "Algorithm\HY.Devices.Algorithm.YanFeng\HY.Devices.Algorithm.YanFeng.csproj", "{FFD3EAF7-DEB0-4C78-B103-D74460257F46}"
EndProject
Project("{9A19103F-16F7-4668-BE54-9A1E7A4F7556}") = "HY.Devices.Algorithm.Yolov7", "Algorithm\HY.Devices.Algorithm.Yolov7\HY.Devices.Algorithm.Yolov7.csproj", "{3551C143-DD3A-44E7-8D3F-125657044794}"
EndProject
Project("{9A19103F-16F7-4668-BE54-9A1E7A4F7556}") = "HY.Devices.Algorithm.Marssenger_Plate", "Algorithm\HY.Devices.Algorithm.Marssenger_Plate\HY.Devices.Algorithm.Marssenger_Plate.csproj", "{C8ECEFE7-3AA9-4167-94AF-42489143AA4B}"
EndProject
Project("{9A19103F-16F7-4668-BE54-9A1E7A4F7556}") = "HY.Devices.Algorithm.HuangDaoDianRe", "Algorithm\HY.Devices.Algorithm.HuangDaoDianRe\HY.Devices.Algorithm.HuangDaoDianRe.csproj", "{ABBF852D-758E-44A3-8BC2-45429A215EFC}"
EndProject
Project("{9A19103F-16F7-4668-BE54-9A1E7A4F7556}") = "HY.Devices.Algorithm.AuxAirConditioningDetect", "Algorithm\HY.Devices.Algorithm.AuxAirConditioningDetect\HY.Devices.Algorithm.AuxAirConditioningDetect.csproj", "{BD326133-3D80-426E-A266-9443FBD2E94A}"
EndProject
Project("{9A19103F-16F7-4668-BE54-9A1E7A4F7556}") = "HY.Devices.Algorithm.Paste", "Algorithm\HY.Devices.Algorithm.Paste\HY.Devices.Algorithm.Paste.csproj", "{A1475B40-C316-49E4-AABC-789FA3C26B12}"
EndProject
Project("{9A19103F-16F7-4668-BE54-9A1E7A4F7556}") = "HY.Devices.Algorithm.QDSMHY", "Algorithm\HY.Devices.Algorithm.QDSMHY\HY.Devices.Algorithm.QDSMHY.csproj", "{B80BAB2F-E71C-43BF-BD73-35A4935ADF71}"
EndProject
Project("{9A19103F-16F7-4668-BE54-9A1E7A4F7556}") = "HY.Devices.Algorithm.HeFei_MLDJ", "Algorithm\HY.Devices.Algorithm.HeFei_MLDJ\HY.Devices.Algorithm.HeFei_MLDJ.csproj", "{4FFDD44C-5B8F-46C1-9E8F-454A1730F7DB}"
EndProject
Project("{9A19103F-16F7-4668-BE54-9A1E7A4F7556}") = "HY.Devices.Algorithm.HXR_WaiGuanBanQian", "Algorithm\HY.Devices.Algorithm.HXR_WaiGuanBanQian\HY.Devices.Algorithm.HXR_WaiGuanBanQian.csproj", "{A07E358C-1C8F-4C26-A3C6-5595590A2381}"
EndProject
Project("{FAE04EC0-301F-11D3-BF4B-00C04F79EFBC}") = "HY.Devices.Algorithm.Aux_NeiJi", "Algorithm\HY.Devices.Algorithm.Aux_NeiJi\HY.Devices.Algorithm.Aux_NeiJi.csproj", "{AA70D3DB-1B2A-4A89-B63A-586D91A79A0E}"
EndProject
Global
	GlobalSection(SolutionConfigurationPlatforms) = preSolution
		Debug|Any CPU = Debug|Any CPU
		Release|Any CPU = Release|Any CPU
	EndGlobalSection
	GlobalSection(ProjectConfigurationPlatforms) = postSolution
		{BE81E7EC-B2DD-4BAA-9AD9-717ED077FE54}.Debug|Any CPU.ActiveCfg = Debug|Any CPU
		{BE81E7EC-B2DD-4BAA-9AD9-717ED077FE54}.Debug|Any CPU.Build.0 = Debug|Any CPU
		{BE81E7EC-B2DD-4BAA-9AD9-717ED077FE54}.Release|Any CPU.ActiveCfg = Release|Any CPU
		{BE81E7EC-B2DD-4BAA-9AD9-717ED077FE54}.Release|Any CPU.Build.0 = Release|Any CPU
		{BA837A4D-7574-43ED-AFFF-FB1806F71941}.Debug|Any CPU.ActiveCfg = Debug|Any CPU
		{BA837A4D-7574-43ED-AFFF-FB1806F71941}.Debug|Any CPU.Build.0 = Debug|Any CPU
		{BA837A4D-7574-43ED-AFFF-FB1806F71941}.Release|Any CPU.ActiveCfg = Release|Any CPU
		{BA837A4D-7574-43ED-AFFF-FB1806F71941}.Release|Any CPU.Build.0 = Release|Any CPU
		{84BB9D2D-5ADD-4C33-A8C7-AFEBD1975C31}.Debug|Any CPU.ActiveCfg = Debug|Any CPU
		{84BB9D2D-5ADD-4C33-A8C7-AFEBD1975C31}.Debug|Any CPU.Build.0 = Debug|Any CPU
		{84BB9D2D-5ADD-4C33-A8C7-AFEBD1975C31}.Release|Any CPU.ActiveCfg = Release|Any CPU
		{84BB9D2D-5ADD-4C33-A8C7-AFEBD1975C31}.Release|Any CPU.Build.0 = Release|Any CPU
		{A779DCE6-8FBA-4C4A-8A5A-49847F0737A3}.Debug|Any CPU.ActiveCfg = Debug|Any CPU
		{A779DCE6-8FBA-4C4A-8A5A-49847F0737A3}.Debug|Any CPU.Build.0 = Debug|Any CPU
		{A779DCE6-8FBA-4C4A-8A5A-49847F0737A3}.Release|Any CPU.ActiveCfg = Release|Any CPU
		{A779DCE6-8FBA-4C4A-8A5A-49847F0737A3}.Release|Any CPU.Build.0 = Release|Any CPU
		{3EF9EA80-4CCD-4C17-8C43-1F4D5618282A}.Debug|Any CPU.ActiveCfg = Debug|Any CPU
		{3EF9EA80-4CCD-4C17-8C43-1F4D5618282A}.Debug|Any CPU.Build.0 = Debug|Any CPU
		{3EF9EA80-4CCD-4C17-8C43-1F4D5618282A}.Release|Any CPU.ActiveCfg = Release|Any CPU
		{DA53ADB5-1322-43F2-8E98-3D012514544D}.Debug|Any CPU.ActiveCfg = Debug|Any CPU
		{DA53ADB5-1322-43F2-8E98-3D012514544D}.Debug|Any CPU.Build.0 = Debug|Any CPU
		{DA53ADB5-1322-43F2-8E98-3D012514544D}.Release|Any CPU.ActiveCfg = Release|Any CPU
		{55433C38-6358-4331-9389-8B1A62B421A2}.Debug|Any CPU.ActiveCfg = Debug|Any CPU
		{55433C38-6358-4331-9389-8B1A62B421A2}.Debug|Any CPU.Build.0 = Debug|Any CPU
		{55433C38-6358-4331-9389-8B1A62B421A2}.Release|Any CPU.ActiveCfg = Release|Any CPU
		{55433C38-6358-4331-9389-8B1A62B421A2}.Release|Any CPU.Build.0 = Release|Any CPU
		{547BD880-EEEA-41C0-9EC8-C8245253DA95}.Debug|Any CPU.ActiveCfg = Debug|Any CPU
		{547BD880-EEEA-41C0-9EC8-C8245253DA95}.Debug|Any CPU.Build.0 = Debug|Any CPU
		{547BD880-EEEA-41C0-9EC8-C8245253DA95}.Release|Any CPU.ActiveCfg = Release|Any CPU
		{547BD880-EEEA-41C0-9EC8-C8245253DA95}.Release|Any CPU.Build.0 = Release|Any CPU
		{D3BA83DB-63F8-4452-BF77-99EEA9BC6323}.Debug|Any CPU.ActiveCfg = Debug|Any CPU
		{D3BA83DB-63F8-4452-BF77-99EEA9BC6323}.Debug|Any CPU.Build.0 = Debug|Any CPU
		{D3BA83DB-63F8-4452-BF77-99EEA9BC6323}.Release|Any CPU.ActiveCfg = Release|Any CPU
		{D3BA83DB-63F8-4452-BF77-99EEA9BC6323}.Release|Any CPU.Build.0 = Release|Any CPU
		{3E25617F-0B49-4250-88BE-14E84D67E193}.Debug|Any CPU.ActiveCfg = Debug|Any CPU
		{3E25617F-0B49-4250-88BE-14E84D67E193}.Debug|Any CPU.Build.0 = Debug|Any CPU
		{3E25617F-0B49-4250-88BE-14E84D67E193}.Release|Any CPU.ActiveCfg = Release|Any CPU
		{3E25617F-0B49-4250-88BE-14E84D67E193}.Release|Any CPU.Build.0 = Release|Any CPU
		{779A4272-0524-4C89-B13A-EF498A48B3DC}.Debug|Any CPU.ActiveCfg = Debug|Any CPU
		{779A4272-0524-4C89-B13A-EF498A48B3DC}.Debug|Any CPU.Build.0 = Debug|Any CPU
		{779A4272-0524-4C89-B13A-EF498A48B3DC}.Release|Any CPU.ActiveCfg = Release|Any CPU
		{779A4272-0524-4C89-B13A-EF498A48B3DC}.Release|Any CPU.Build.0 = Release|Any CPU
		{F030A514-FDA1-4A74-88E0-75D11C3F4A2B}.Debug|Any CPU.ActiveCfg = Debug|Any CPU
		{F030A514-FDA1-4A74-88E0-75D11C3F4A2B}.Debug|Any CPU.Build.0 = Debug|Any CPU
		{F030A514-FDA1-4A74-88E0-75D11C3F4A2B}.Release|Any CPU.ActiveCfg = Release|Any CPU
		{F030A514-FDA1-4A74-88E0-75D11C3F4A2B}.Release|Any CPU.Build.0 = Release|Any CPU
		{C2576FB1-68B4-4BE6-8593-4DB71BE7CF30}.Debug|Any CPU.ActiveCfg = Debug|Any CPU
		{C2576FB1-68B4-4BE6-8593-4DB71BE7CF30}.Debug|Any CPU.Build.0 = Debug|Any CPU
		{C2576FB1-68B4-4BE6-8593-4DB71BE7CF30}.Release|Any CPU.ActiveCfg = Release|Any CPU
		{C2576FB1-68B4-4BE6-8593-4DB71BE7CF30}.Release|Any CPU.Build.0 = Release|Any CPU
		{18F629EC-CF40-46E2-AECC-2C3F3D66D025}.Debug|Any CPU.ActiveCfg = Debug|Any CPU
		{18F629EC-CF40-46E2-AECC-2C3F3D66D025}.Debug|Any CPU.Build.0 = Debug|Any CPU
		{18F629EC-CF40-46E2-AECC-2C3F3D66D025}.Release|Any CPU.ActiveCfg = Release|Any CPU
		{18F629EC-CF40-46E2-AECC-2C3F3D66D025}.Release|Any CPU.Build.0 = Release|Any CPU
		{8BC1413F-66D8-409B-995E-0C4B92B03199}.Debug|Any CPU.ActiveCfg = Debug|Any CPU
		{8BC1413F-66D8-409B-995E-0C4B92B03199}.Debug|Any CPU.Build.0 = Debug|Any CPU
		{8BC1413F-66D8-409B-995E-0C4B92B03199}.Release|Any CPU.ActiveCfg = Release|Any CPU
		{8BC1413F-66D8-409B-995E-0C4B92B03199}.Release|Any CPU.Build.0 = Release|Any CPU
		{0F8AB5AD-B3F1-4555-8873-3B1AE1206AF2}.Debug|Any CPU.ActiveCfg = Debug|Any CPU
		{0F8AB5AD-B3F1-4555-8873-3B1AE1206AF2}.Debug|Any CPU.Build.0 = Debug|Any CPU
		{0F8AB5AD-B3F1-4555-8873-3B1AE1206AF2}.Release|Any CPU.ActiveCfg = Release|Any CPU
		{0F8AB5AD-B3F1-4555-8873-3B1AE1206AF2}.Release|Any CPU.Build.0 = Release|Any CPU
		{8A59F94B-45CA-41CF-AB38-02DE3F6AC7A4}.Debug|Any CPU.ActiveCfg = Debug|Any CPU
		{8A59F94B-45CA-41CF-AB38-02DE3F6AC7A4}.Debug|Any CPU.Build.0 = Debug|Any CPU
		{8A59F94B-45CA-41CF-AB38-02DE3F6AC7A4}.Release|Any CPU.ActiveCfg = Release|Any CPU
		{8A59F94B-45CA-41CF-AB38-02DE3F6AC7A4}.Release|Any CPU.Build.0 = Release|Any CPU
		{F950A1F7-46A4-46AF-B159-B271F3EA4004}.Debug|Any CPU.ActiveCfg = Debug|Any CPU
		{F950A1F7-46A4-46AF-B159-B271F3EA4004}.Debug|Any CPU.Build.0 = Debug|Any CPU
		{F950A1F7-46A4-46AF-B159-B271F3EA4004}.Release|Any CPU.ActiveCfg = Release|Any CPU
		{F950A1F7-46A4-46AF-B159-B271F3EA4004}.Release|Any CPU.Build.0 = Release|Any CPU
		{89407251-9627-4E66-A837-3B8479B1299A}.Debug|Any CPU.ActiveCfg = Debug|Any CPU
		{89407251-9627-4E66-A837-3B8479B1299A}.Debug|Any CPU.Build.0 = Debug|Any CPU
		{89407251-9627-4E66-A837-3B8479B1299A}.Release|Any CPU.ActiveCfg = Release|Any CPU
		{89407251-9627-4E66-A837-3B8479B1299A}.Release|Any CPU.Build.0 = Release|Any CPU
		{C1C5A5AB-D1E0-4A70-BE2F-445CD4BF7FC2}.Debug|Any CPU.ActiveCfg = Debug|Any CPU
		{C1C5A5AB-D1E0-4A70-BE2F-445CD4BF7FC2}.Debug|Any CPU.Build.0 = Debug|Any CPU
		{C1C5A5AB-D1E0-4A70-BE2F-445CD4BF7FC2}.Release|Any CPU.ActiveCfg = Release|Any CPU
		{C1C5A5AB-D1E0-4A70-BE2F-445CD4BF7FC2}.Release|Any CPU.Build.0 = Release|Any CPU
		{FFD3EAF7-DEB0-4C78-B103-D74460257F46}.Debug|Any CPU.ActiveCfg = Debug|Any CPU
		{FFD3EAF7-DEB0-4C78-B103-D74460257F46}.Debug|Any CPU.Build.0 = Debug|Any CPU
		{FFD3EAF7-DEB0-4C78-B103-D74460257F46}.Release|Any CPU.ActiveCfg = Release|Any CPU
		{FFD3EAF7-DEB0-4C78-B103-D74460257F46}.Release|Any CPU.Build.0 = Release|Any CPU
		{3551C143-DD3A-44E7-8D3F-125657044794}.Debug|Any CPU.ActiveCfg = Debug|Any CPU
		{3551C143-DD3A-44E7-8D3F-125657044794}.Debug|Any CPU.Build.0 = Debug|Any CPU
		{3551C143-DD3A-44E7-8D3F-125657044794}.Release|Any CPU.ActiveCfg = Release|Any CPU
		{3551C143-DD3A-44E7-8D3F-125657044794}.Release|Any CPU.Build.0 = Release|Any CPU
		{C8ECEFE7-3AA9-4167-94AF-42489143AA4B}.Debug|Any CPU.ActiveCfg = Debug|Any CPU
		{C8ECEFE7-3AA9-4167-94AF-42489143AA4B}.Debug|Any CPU.Build.0 = Debug|Any CPU
		{C8ECEFE7-3AA9-4167-94AF-42489143AA4B}.Release|Any CPU.ActiveCfg = Release|Any CPU
		{C8ECEFE7-3AA9-4167-94AF-42489143AA4B}.Release|Any CPU.Build.0 = Release|Any CPU
		{ABBF852D-758E-44A3-8BC2-45429A215EFC}.Debug|Any CPU.ActiveCfg = Debug|Any CPU
		{ABBF852D-758E-44A3-8BC2-45429A215EFC}.Debug|Any CPU.Build.0 = Debug|Any CPU
		{ABBF852D-758E-44A3-8BC2-45429A215EFC}.Release|Any CPU.ActiveCfg = Release|Any CPU
		{ABBF852D-758E-44A3-8BC2-45429A215EFC}.Release|Any CPU.Build.0 = Release|Any CPU
		{BD326133-3D80-426E-A266-9443FBD2E94A}.Debug|Any CPU.ActiveCfg = Debug|Any CPU
		{BD326133-3D80-426E-A266-9443FBD2E94A}.Debug|Any CPU.Build.0 = Debug|Any CPU
		{BD326133-3D80-426E-A266-9443FBD2E94A}.Release|Any CPU.ActiveCfg = Release|Any CPU
		{BD326133-3D80-426E-A266-9443FBD2E94A}.Release|Any CPU.Build.0 = Release|Any CPU
		{A1475B40-C316-49E4-AABC-789FA3C26B12}.Debug|Any CPU.ActiveCfg = Debug|Any CPU
		{A1475B40-C316-49E4-AABC-789FA3C26B12}.Debug|Any CPU.Build.0 = Debug|Any CPU
		{A1475B40-C316-49E4-AABC-789FA3C26B12}.Release|Any CPU.ActiveCfg = Release|Any CPU
		{A1475B40-C316-49E4-AABC-789FA3C26B12}.Release|Any CPU.Build.0 = Release|Any CPU
		{B80BAB2F-E71C-43BF-BD73-35A4935ADF71}.Debug|Any CPU.ActiveCfg = Debug|Any CPU
		{B80BAB2F-E71C-43BF-BD73-35A4935ADF71}.Debug|Any CPU.Build.0 = Debug|Any CPU
		{B80BAB2F-E71C-43BF-BD73-35A4935ADF71}.Release|Any CPU.ActiveCfg = Release|Any CPU
		{B80BAB2F-E71C-43BF-BD73-35A4935ADF71}.Release|Any CPU.Build.0 = Release|Any CPU
		{4FFDD44C-5B8F-46C1-9E8F-454A1730F7DB}.Debug|Any CPU.ActiveCfg = Debug|Any CPU
		{4FFDD44C-5B8F-46C1-9E8F-454A1730F7DB}.Debug|Any CPU.Build.0 = Debug|Any CPU
		{4FFDD44C-5B8F-46C1-9E8F-454A1730F7DB}.Release|Any CPU.ActiveCfg = Release|Any CPU
		{4FFDD44C-5B8F-46C1-9E8F-454A1730F7DB}.Release|Any CPU.Build.0 = Release|Any CPU
		{A07E358C-1C8F-4C26-A3C6-5595590A2381}.Debug|Any CPU.ActiveCfg = Debug|Any CPU
		{A07E358C-1C8F-4C26-A3C6-5595590A2381}.Debug|Any CPU.Build.0 = Debug|Any CPU
		{A07E358C-1C8F-4C26-A3C6-5595590A2381}.Release|Any CPU.ActiveCfg = Release|Any CPU
		{A07E358C-1C8F-4C26-A3C6-5595590A2381}.Release|Any CPU.Build.0 = Release|Any CPU
		{AA70D3DB-1B2A-4A89-B63A-586D91A79A0E}.Debug|Any CPU.ActiveCfg = Debug|Any CPU
		{AA70D3DB-1B2A-4A89-B63A-586D91A79A0E}.Debug|Any CPU.Build.0 = Debug|Any CPU
		{AA70D3DB-1B2A-4A89-B63A-586D91A79A0E}.Release|Any CPU.ActiveCfg = Release|Any CPU
		{AA70D3DB-1B2A-4A89-B63A-586D91A79A0E}.Release|Any CPU.Build.0 = Release|Any CPU
	EndGlobalSection
	GlobalSection(SolutionProperties) = preSolution
		HideSolutionNode = FALSE
	EndGlobalSection
	GlobalSection(NestedProjects) = preSolution
		{BE81E7EC-B2DD-4BAA-9AD9-717ED077FE54} = {36156E8B-32B8-45FC-938A-336DB3E937B8}
		{BA837A4D-7574-43ED-AFFF-FB1806F71941} = {36156E8B-32B8-45FC-938A-336DB3E937B8}
		{84BB9D2D-5ADD-4C33-A8C7-AFEBD1975C31} = {66D106CC-2EED-4FA7-AC06-44E8529F6459}
		{A779DCE6-8FBA-4C4A-8A5A-49847F0737A3} = {66D106CC-2EED-4FA7-AC06-44E8529F6459}
		{3EF9EA80-4CCD-4C17-8C43-1F4D5618282A} = {795091E1-8E2E-4070-B138-8EB40A6521CB}
		{DA53ADB5-1322-43F2-8E98-3D012514544D} = {795091E1-8E2E-4070-B138-8EB40A6521CB}
		{55433C38-6358-4331-9389-8B1A62B421A2} = {F81EE6F0-8DE2-44D9-809E-EF076547C8F6}
		{547BD880-EEEA-41C0-9EC8-C8245253DA95} = {2CF77685-427A-4F1F-8A51-5D18B06B3C87}
		{D3BA83DB-63F8-4452-BF77-99EEA9BC6323} = {2CF77685-427A-4F1F-8A51-5D18B06B3C87}
		{3E25617F-0B49-4250-88BE-14E84D67E193} = {F81EE6F0-8DE2-44D9-809E-EF076547C8F6}
		{779A4272-0524-4C89-B13A-EF498A48B3DC} = {9D43AF0F-7AC5-4751-809E-18D6A169FE8F}
		{F030A514-FDA1-4A74-88E0-75D11C3F4A2B} = {9D43AF0F-7AC5-4751-809E-18D6A169FE8F}
		{C2576FB1-68B4-4BE6-8593-4DB71BE7CF30} = {9D43AF0F-7AC5-4751-809E-18D6A169FE8F}
		{18F629EC-CF40-46E2-AECC-2C3F3D66D025} = {9D43AF0F-7AC5-4751-809E-18D6A169FE8F}
		{8BC1413F-66D8-409B-995E-0C4B92B03199} = {9D43AF0F-7AC5-4751-809E-18D6A169FE8F}
		{0F8AB5AD-B3F1-4555-8873-3B1AE1206AF2} = {9D43AF0F-7AC5-4751-809E-18D6A169FE8F}
		{8A59F94B-45CA-41CF-AB38-02DE3F6AC7A4} = {9D43AF0F-7AC5-4751-809E-18D6A169FE8F}
		{F950A1F7-46A4-46AF-B159-B271F3EA4004} = {9D43AF0F-7AC5-4751-809E-18D6A169FE8F}
		{89407251-9627-4E66-A837-3B8479B1299A} = {9D43AF0F-7AC5-4751-809E-18D6A169FE8F}
		{C1C5A5AB-D1E0-4A70-BE2F-445CD4BF7FC2} = {9D43AF0F-7AC5-4751-809E-18D6A169FE8F}
		{FFD3EAF7-DEB0-4C78-B103-D74460257F46} = {9D43AF0F-7AC5-4751-809E-18D6A169FE8F}
		{3551C143-DD3A-44E7-8D3F-125657044794} = {9D43AF0F-7AC5-4751-809E-18D6A169FE8F}
		{C8ECEFE7-3AA9-4167-94AF-42489143AA4B} = {9D43AF0F-7AC5-4751-809E-18D6A169FE8F}
		{ABBF852D-758E-44A3-8BC2-45429A215EFC} = {9D43AF0F-7AC5-4751-809E-18D6A169FE8F}
		{BD326133-3D80-426E-A266-9443FBD2E94A} = {9D43AF0F-7AC5-4751-809E-18D6A169FE8F}
		{A1475B40-C316-49E4-AABC-789FA3C26B12} = {9D43AF0F-7AC5-4751-809E-18D6A169FE8F}
		{B80BAB2F-E71C-43BF-BD73-35A4935ADF71} = {9D43AF0F-7AC5-4751-809E-18D6A169FE8F}
		{4FFDD44C-5B8F-46C1-9E8F-454A1730F7DB} = {9D43AF0F-7AC5-4751-809E-18D6A169FE8F}
		{A07E358C-1C8F-4C26-A3C6-5595590A2381} = {9D43AF0F-7AC5-4751-809E-18D6A169FE8F}
		{AA70D3DB-1B2A-4A89-B63A-586D91A79A0E} = {9D43AF0F-7AC5-4751-809E-18D6A169FE8F}
	EndGlobalSection
	GlobalSection(ExtensibilityGlobals) = postSolution
		SolutionGuid = {FE0A796C-5FFE-4AF5-AD85-768342F2004E}
	EndGlobalSection
EndGlobal
